
Microsoft Visual Studio Solution File, Format Version 12.00
# Visual Studio 15
VisualStudioVersion = 15.0.27703.2018
MinimumVisualStudioVersion = 10.0.40219.1
Project("{FAE04EC0-301F-11D3-BF4B-00C04F79EFBC}") = "Arrayex", "Arrayex\Arrayex.csproj", "{161938BB-CB35-41A9-A9AF-3F59E4977F20}"
EndProject
Global
	GlobalSection(SolutionConfigurationPlatforms) = preSolution
		Debug|Any CPU = Debug|Any CPU
		Release|Any CPU = Release|Any CPU
	EndGlobalSection
	GlobalSection(ProjectConfigurationPlatforms) = postSolution
		{161938BB-CB35-41A9-A9AF-3F59E4977F20}.Debug|Any CPU.ActiveCfg = Debug|Any CPU
		{161938BB-CB35-41A9-A9AF-3F59E4977F20}.Debug|Any CPU.Build.0 = Debug|Any CPU
		{161938BB-CB35-41A9-A9AF-3F59E4977F20}.Release|Any CPU.ActiveCfg = Release|Any CPU
		{161938BB-CB35-41A9-A9AF-3F59E4977F20}.Release|Any CPU.Build.0 = Release|Any CPU
	EndGlobalSection
	GlobalSection(SolutionProperties) = preSolution
		HideSolutionNode = FALSE
	EndGlobalSection
	GlobalSection(ExtensibilityGlobals) = postSolution
		SolutionGuid = {A639C94E-C0CF-46AD-98F0-AAFAFCC6DB25}
	EndGlobalSection
EndGlobal
